{
  "name": "pool",
  "lockfileVersion": 3,
  "requires": true,
  "packages": {
    "": {
      "dependencies": {
        "workerpool": "^9.1.3"
      }
    },
    "node_modules/workerpool": {
      "version": "9.1.3",
      "resolved": "https://registry.npmjs.org/workerpool/-/workerpool-9.1.3.tgz",
      "integrity": "sha512-LhUrk4tbxJRDQmRrrFWA9EnboXI79fe0ZNTy3u8m+dqPN1EkVSIsQYAB8OF/fkyhG8Rtup+c/bzj/+bzbG8fqg==",
      "license": "Apache-2.0"
    }
  }
}
